
Microsoft Visual Studio Solution File, Format Version 12.00
# Visual Studio Version 17
VisualStudioVersion = 17.11.35222.181
MinimumVisualStudioVersion = 10.0.40219.1
Project("{FAE04EC0-301F-11D3-BF4B-00C04F79EFBC}") = "Pizza", "Pizza.csproj", "{EC2FC958-CF7C-4082-8B54-EA24086CE4D1}"
EndProject
Global
	GlobalSection(SolutionConfigurationPlatforms) = preSolution
		Debug|Any CPU = Debug|Any CPU
		Release|Any CPU = Release|Any CPU
	EndGlobalSection
	GlobalSection(ProjectConfigurationPlatforms) = postSolution
		{EC2FC958-CF7C-4082-8B54-EA24086CE4D1}.Debug|Any CPU.ActiveCfg = Debug|Any CPU
		{EC2FC958-CF7C-4082-8B54-EA24086CE4D1}.Debug|Any CPU.Build.0 = Debug|Any CPU
		{EC2FC958-CF7C-4082-8B54-EA24086CE4D1}.Release|Any CPU.ActiveCfg = Release|Any CPU
		{EC2FC958-CF7C-4082-8B54-EA24086CE4D1}.Release|Any CPU.Build.0 = Release|Any CPU
	EndGlobalSection
	GlobalSection(SolutionProperties) = preSolution
		HideSolutionNode = FALSE
	EndGlobalSection
	GlobalSection(ExtensibilityGlobals) = postSolution
		SolutionGuid = {1AE78E78-84E8-4BC4-9C16-C84A9BDE8221}
	EndGlobalSection
EndGlobal
